
Microsoft Visual Studio Solution File, Format Version 12.00
# Visual Studio Version 17
VisualStudioVersion = 17.9.34723.18
MinimumVisualStudioVersion = 10.0.40219.1
Project("{FAE04EC0-301F-11D3-BF4B-00C04F79EFBC}") = "AlarmV3", "AlarmV3.csproj", "{F6957191-3B35-4876-9AD2-A14522EC5F48}"
EndProject
Project("{2150E333-8FDC-42A3-9474-1A3956D46DE8}") = "Çözüm Öğeleri", "Çözüm Öğeleri", "{E03997FD-0D2F-452C-A60A-D1CAAEBA9D1B}"
	ProjectSection(SolutionItems) = preProject
		..\..\..\Downloads\AlarmV3.ico = ..\..\..\Downloads\AlarmV3.ico
	EndProjectSection
EndProject
Global
	GlobalSection(SolutionConfigurationPlatforms) = preSolution
		Debug|Any CPU = Debug|Any CPU
		Release|Any CPU = Release|Any CPU
	EndGlobalSection
	GlobalSection(ProjectConfigurationPlatforms) = postSolution
		{F6957191-3B35-4876-9AD2-A14522EC5F48}.Debug|Any CPU.ActiveCfg = Debug|Any CPU
		{F6957191-3B35-4876-9AD2-A14522EC5F48}.Debug|Any CPU.Build.0 = Debug|Any CPU
		{F6957191-3B35-4876-9AD2-A14522EC5F48}.Release|Any CPU.ActiveCfg = Release|Any CPU
		{F6957191-3B35-4876-9AD2-A14522EC5F48}.Release|Any CPU.Build.0 = Release|Any CPU
	EndGlobalSection
	GlobalSection(SolutionProperties) = preSolution
		HideSolutionNode = FALSE
	EndGlobalSection
	GlobalSection(ExtensibilityGlobals) = postSolution
		SolutionGuid = {556CD9BB-1A24-4FB3-A4F3-DEC5DE7DFA2B}
	EndGlobalSection
EndGlobal
